
Microsoft Visual Studio Solution File, Format Version 12.00
# Visual Studio Version 16
VisualStudioVersion = 16.0.31321.278
MinimumVisualStudioVersion = 10.0.40219.1
Project("{FAE04EC0-301F-11D3-BF4B-00C04F79EFBC}") = "TicTacToe", "TicTacToe.csproj", "{892C3882-5DF4-4DEA-B9A6-4DD6F8D58BCB}"
EndProject
Global
	GlobalSection(SolutionConfigurationPlatforms) = preSolution
		Debug|Any CPU = Debug|Any CPU
		Release|Any CPU = Release|Any CPU
	EndGlobalSection
	GlobalSection(ProjectConfigurationPlatforms) = postSolution
		{892C3882-5DF4-4DEA-B9A6-4DD6F8D58BCB}.Debug|Any CPU.ActiveCfg = Debug|Any CPU
		{892C3882-5DF4-4DEA-B9A6-4DD6F8D58BCB}.Debug|Any CPU.Build.0 = Debug|Any CPU
		{892C3882-5DF4-4DEA-B9A6-4DD6F8D58BCB}.Release|Any CPU.ActiveCfg = Release|Any CPU
		{892C3882-5DF4-4DEA-B9A6-4DD6F8D58BCB}.Release|Any CPU.Build.0 = Release|Any CPU
	EndGlobalSection
	GlobalSection(SolutionProperties) = preSolution
		HideSolutionNode = FALSE
	EndGlobalSection
	GlobalSection(ExtensibilityGlobals) = postSolution
		SolutionGuid = {A47E6417-866C-460B-8A27-1BB034D1FF0B}
	EndGlobalSection
EndGlobal
